{
  "version": 4,
  "terraform_version": "1.4.6",
  "serial": 6,
  "lineage": "8b1eef39-7597-e2ee-c7ed-c169d30113ce",
  "outputs": {},
  "resources": [
    {
      "mode": "data",
      "type": "aws_route53_zone",
      "name": "tdh-zone",
      "provider": "provider[\"registry.terraform.io/hashicorp/aws\"]",
      "instances": [
        {
          "schema_version": 0,
          "attributes": {
            "arn": "arn:aws:route53:::hostedzone/Z06738871QDJ1KKJ86UT3",
            "caller_reference": "RISWorkflow-RD:8d3811d8-b822-479a-90f3-aaa1d96555a9",
            "comment": "HostedZone created by Route53 Registrar",
            "id": "Z06738871QDJ1KKJ86UT3",
            "linked_service_description": null,
            "linked_service_principal": null,
            "name": "toneherndon.com",
            "name_servers": [
              "ns-124.awsdns-15.com",
              "ns-1194.awsdns-21.org",
              "ns-861.awsdns-43.net",
              "ns-1624.awsdns-11.co.uk"
            ],
            "primary_name_server": "ns-124.awsdns-15.com",
            "private_zone": false,
            "resource_record_set_count": 4,
            "tags": {},
            "vpc_id": null,
            "zone_id": "Z06738871QDJ1KKJ86UT3"
          },
          "sensitive_attributes": []
        }
      ]
    },
    {
      "mode": "managed",
      "type": "aws_acm_certificate",
      "name": "tdh-resume-certificate",
      "provider": "provider[\"registry.terraform.io/hashicorp/aws\"]",
      "instances": [
        {
          "schema_version": 0,
          "attributes": {
            "arn": "arn:aws:acm:us-east-1:704953571715:certificate/f4c2e74d-7916-4d09-a494-2f62fe13e695",
            "certificate_authority_arn": "",
            "certificate_body": null,
            "certificate_chain": null,
            "domain_name": "resume.toneherndon.com",
            "domain_validation_options": [
              {
                "domain_name": "resume.toneherndon.com",
                "resource_record_name": "_fdda306d942eb2d067345a6d4119397f.resume.toneherndon.com.",
                "resource_record_type": "CNAME",
                "resource_record_value": "_0ec447ac002a06f1628ae5f8346e1624.qxcwttcyyb.acm-validations.aws."
              }
            ],
            "early_renewal_duration": "",
            "id": "arn:aws:acm:us-east-1:704953571715:certificate/f4c2e74d-7916-4d09-a494-2f62fe13e695",
            "key_algorithm": "RSA_2048",
            "not_after": "",
            "not_before": "",
            "options": [
              {
                "certificate_transparency_logging_preference": "ENABLED"
              }
            ],
            "pending_renewal": false,
            "private_key": null,
            "renewal_eligibility": "INELIGIBLE",
            "renewal_summary": [],
            "status": "PENDING_VALIDATION",
            "subject_alternative_names": [
              "resume.toneherndon.com"
            ],
            "tags": null,
            "tags_all": {},
            "type": "AMAZON_ISSUED",
            "validation_emails": [],
            "validation_method": "DNS",
            "validation_option": []
          },
          "sensitive_attributes": [],
          "private": "bnVsbA==",
          "create_before_destroy": true
        }
      ]
    },
    {
      "mode": "managed",
      "type": "aws_acm_certificate_validation",
      "name": "tdh-cert-validate",
      "provider": "provider[\"registry.terraform.io/hashicorp/aws\"]",
      "instances": [
        {
          "schema_version": 0,
          "attributes": {
            "certificate_arn": "arn:aws:acm:us-east-1:704953571715:certificate/f4c2e74d-7916-4d09-a494-2f62fe13e695",
            "id": "2023-06-01 16:43:25.422 +0000 UTC",
            "timeouts": null,
            "validation_record_fqdns": [
              "_fdda306d942eb2d067345a6d4119397f.resume.toneherndon.com"
            ]
          },
          "sensitive_attributes": [],
          "private": "eyJlMmJmYjczMC1lY2FhLTExZTYtOGY4OC0zNDM2M2JjN2M0YzAiOnsiY3JlYXRlIjo0NTAwMDAwMDAwMDAwfX0=",
          "dependencies": [
            "aws_acm_certificate.tdh-resume-certificate",
            "aws_route53_record.tdh-cert-dns",
            "data.aws_route53_zone.tdh-zone"
          ]
        }
      ]
    },
    {
      "mode": "managed",
      "type": "aws_cloudfront_distribution",
      "name": "s3_distribution",
      "provider": "provider[\"registry.terraform.io/hashicorp/aws\"]",
      "instances": []
    },
    {
      "mode": "managed",
      "type": "aws_route53_record",
      "name": "cf-record",
      "provider": "provider[\"registry.terraform.io/hashicorp/aws\"]",
      "instances": []
    },
    {
      "mode": "managed",
      "type": "aws_route53_record",
      "name": "tdh-cert-dns",
      "provider": "provider[\"registry.terraform.io/hashicorp/aws\"]",
      "instances": [
        {
          "schema_version": 2,
          "attributes": {
            "alias": [],
            "allow_overwrite": true,
            "cidr_routing_policy": [],
            "failover_routing_policy": [],
            "fqdn": "_fdda306d942eb2d067345a6d4119397f.resume.toneherndon.com",
            "geolocation_routing_policy": [],
            "health_check_id": "",
            "id": "Z06738871QDJ1KKJ86UT3__fdda306d942eb2d067345a6d4119397f.resume.toneherndon.com._CNAME",
            "latency_routing_policy": [],
            "multivalue_answer_routing_policy": false,
            "name": "_fdda306d942eb2d067345a6d4119397f.resume.toneherndon.com",
            "records": [
              "_0ec447ac002a06f1628ae5f8346e1624.qxcwttcyyb.acm-validations.aws."
            ],
            "set_identifier": "",
            "ttl": 60,
            "type": "CNAME",
            "weighted_routing_policy": [],
            "zone_id": "Z06738871QDJ1KKJ86UT3"
          },
          "sensitive_attributes": [],
          "private": "eyJzY2hlbWFfdmVyc2lvbiI6IjIifQ==",
          "dependencies": [
            "aws_acm_certificate.tdh-resume-certificate",
            "data.aws_route53_zone.tdh-zone"
          ]
        }
      ]
    },
    {
      "mode": "managed",
      "type": "aws_s3_bucket_acl",
      "name": "site",
      "provider": "provider[\"registry.terraform.io/hashicorp/aws\"]",
      "instances": []
    },
    {
      "mode": "managed",
      "type": "aws_s3_bucket_ownership_controls",
      "name": "logs",
      "provider": "provider[\"registry.terraform.io/hashicorp/aws\"]",
      "instances": []
    },
    {
      "mode": "managed",
      "type": "aws_s3_bucket_ownership_controls",
      "name": "site",
      "provider": "provider[\"registry.terraform.io/hashicorp/aws\"]",
      "instances": []
    },
    {
      "mode": "managed",
      "type": "aws_s3_bucket_public_access_block",
      "name": "site",
      "provider": "provider[\"registry.terraform.io/hashicorp/aws\"]",
      "instances": []
    },
    {
      "mode": "managed",
      "type": "aws_s3_bucket_website_configuration",
      "name": "site",
      "provider": "provider[\"registry.terraform.io/hashicorp/aws\"]",
      "instances": []
    },
    {
      "mode": "managed",
      "type": "aws_s3_object",
      "name": "site",
      "provider": "provider[\"registry.terraform.io/hashicorp/aws\"]",
      "instances": []
    }
  ],
  "check_results": null
}
